
Microsoft Visual Studio Solution File, Format Version 12.00
# Visual Studio Express 2012 for Windows Desktop
Project("{8BC9CEB8-8B4A-11D0-8D11-00A0C91BC942}") = "wolfssh", "wolfssh\wolfssh.vcxproj", "{7C2CCF0D-A155-4914-BD1C-9A47C0530E65}"
EndProject
Project("{8BC9CEB8-8B4A-11D0-8D11-00A0C91BC942}") = "api-test", "api-test\api-test.vcxproj", "{07D36DB5-210E-45A6-8270-2DAD9DCDEFD7}"
	ProjectSection(ProjectDependencies) = postProject
		{7C2CCF0D-A155-4914-BD1C-9A47C0530E65} = {7C2CCF0D-A155-4914-BD1C-9A47C0530E65}
	EndProjectSection
EndProject
Global
	GlobalSection(SolutionConfigurationPlatforms) = preSolution
		Debug|Win32 = Debug|Win32
		Release|Win32 = Release|Win32
	EndGlobalSection
	GlobalSection(ProjectConfigurationPlatforms) = postSolution
		{7C2CCF0D-A155-4914-BD1C-9A47C0530E65}.Debug|Win32.ActiveCfg = Debug|Win32
		{7C2CCF0D-A155-4914-BD1C-9A47C0530E65}.Debug|Win32.Build.0 = Debug|Win32
		{7C2CCF0D-A155-4914-BD1C-9A47C0530E65}.Release|Win32.ActiveCfg = Release|Win32
		{7C2CCF0D-A155-4914-BD1C-9A47C0530E65}.Release|Win32.Build.0 = Release|Win32
		{07D36DB5-210E-45A6-8270-2DAD9DCDEFD7}.Debug|Win32.ActiveCfg = Debug|Win32
		{07D36DB5-210E-45A6-8270-2DAD9DCDEFD7}.Debug|Win32.Build.0 = Debug|Win32
		{07D36DB5-210E-45A6-8270-2DAD9DCDEFD7}.Release|Win32.ActiveCfg = Release|Win32
		{07D36DB5-210E-45A6-8270-2DAD9DCDEFD7}.Release|Win32.Build.0 = Release|Win32
	EndGlobalSection
	GlobalSection(SolutionProperties) = preSolution
		HideSolutionNode = FALSE
	EndGlobalSection
EndGlobal
